{
  "name": "climate",
  "version": "0.0.0",
  "lockfileVersion": 1,
  "requires": true,
  "dependencies": {
    "climate-si7020": {
      "version": "0.1.1",
      "resolved": "https://registry.npmjs.org/climate-si7020/-/climate-si7020-0.1.1.tgz",
      "integrity": "sha1-YT3fiib21bIUPDRbwSmWQ28vEYg="
    }
  }
}
